
Microsoft Visual Studio Solution File, Format Version 12.00
# Visual Studio 15
VisualStudioVersion = 15.0.28010.2036
MinimumVisualStudioVersion = 10.0.40219.1
Project("{FAE04EC0-301F-11D3-BF4B-00C04F79EFBC}") = "2ndHandIn", "2ndHandIn\2ndHandIn.csproj", "{F3056D27-F395-4854-969B-3A5983F36945}"
EndProject
Global
	GlobalSection(SolutionConfigurationPlatforms) = preSolution
		Debug|Any CPU = Debug|Any CPU
		Release|Any CPU = Release|Any CPU
	EndGlobalSection
	GlobalSection(ProjectConfigurationPlatforms) = postSolution
		{F3056D27-F395-4854-969B-3A5983F36945}.Debug|Any CPU.ActiveCfg = Debug|Any CPU
		{F3056D27-F395-4854-969B-3A5983F36945}.Debug|Any CPU.Build.0 = Debug|Any CPU
		{F3056D27-F395-4854-969B-3A5983F36945}.Release|Any CPU.ActiveCfg = Release|Any CPU
		{F3056D27-F395-4854-969B-3A5983F36945}.Release|Any CPU.Build.0 = Release|Any CPU
	EndGlobalSection
	GlobalSection(SolutionProperties) = preSolution
		HideSolutionNode = FALSE
	EndGlobalSection
	GlobalSection(ExtensibilityGlobals) = postSolution
		SolutionGuid = {E5384BC0-5AA8-45BA-AE59-C30E8CE0CB6D}
	EndGlobalSection
EndGlobal
